
Microsoft Visual Studio Solution File, Format Version 12.00
# Visual Studio Version 17
VisualStudioVersion = 17.14.36518.9 d17.14
MinimumVisualStudioVersion = 10.0.40219.1
Project("{FAE04EC0-301F-11D3-BF4B-00C04F79EFBC}") = "CardInformation", "CardInformation\CardInformation.csproj", "{B4493432-C937-4653-A96A-8DB49E2C8377}"
EndProject
Global
	GlobalSection(SolutionConfigurationPlatforms) = preSolution
		Debug|Any CPU = Debug|Any CPU
		Release|Any CPU = Release|Any CPU
	EndGlobalSection
	GlobalSection(ProjectConfigurationPlatforms) = postSolution
		{B4493432-C937-4653-A96A-8DB49E2C8377}.Debug|Any CPU.ActiveCfg = Debug|Any CPU
		{B4493432-C937-4653-A96A-8DB49E2C8377}.Debug|Any CPU.Build.0 = Debug|Any CPU
		{B4493432-C937-4653-A96A-8DB49E2C8377}.Release|Any CPU.ActiveCfg = Release|Any CPU
		{B4493432-C937-4653-A96A-8DB49E2C8377}.Release|Any CPU.Build.0 = Release|Any CPU
	EndGlobalSection
	GlobalSection(SolutionProperties) = preSolution
		HideSolutionNode = FALSE
	EndGlobalSection
	GlobalSection(ExtensibilityGlobals) = postSolution
		SolutionGuid = {C72828F1-9B8D-4210-9DC3-FD6B8BAEAF69}
	EndGlobalSection
EndGlobal
